
Microsoft Visual Studio Solution File, Format Version 12.00
# Visual Studio Version 17
VisualStudioVersion = 17.8.34525.116
MinimumVisualStudioVersion = 10.0.40219.1
Project("{2150E333-8FDC-42A3-9474-1A3956D46DE8}") = "Homework2-Console application", "Homework2-Console application", "{4BA92B8F-4719-41FC-8165-8C6A2B912E7A}"
EndProject
Project("{FAE04EC0-301F-11D3-BF4B-00C04F79EFBC}") = "Task1", "Homework2-Console application\Task1\Task1.csproj", "{EBBE96F8-7D4A-4881-AD20-3CB830E3F130}"
EndProject
Project("{FAE04EC0-301F-11D3-BF4B-00C04F79EFBC}") = "Task2", "Homework2-Console application\Task2\Task2.csproj", "{CAB06141-6F35-4A82-8CDA-BAAA7DFE597D}"
EndProject
Project("{FAE04EC0-301F-11D3-BF4B-00C04F79EFBC}") = "Task3", "Homework2-Console application\Task3\Task3.csproj", "{641A385D-456B-4B99-AACD-2487B081236E}"
EndProject
Project("{FAE04EC0-301F-11D3-BF4B-00C04F79EFBC}") = "Task4", "Homework2-Console application\Task4\Task4.csproj", "{3765F858-AC16-4630-9B7B-F382973109E0}"
EndProject
Project("{2150E333-8FDC-42A3-9474-1A3956D46DE8}") = "Homework3-Homework3-Dtype Conversion", "Homework3-Homework3-Dtype Conversion", "{D87B5EF1-7EA0-4F8F-BFE8-EA4EB1E9FDBC}"
EndProject
Project("{FAE04EC0-301F-11D3-BF4B-00C04F79EFBC}") = "Task1", "Homework3-Dtype Conversion\Task1\Task1.csproj", "{47440687-8F56-4E2E-98A1-34D974E343F4}"
EndProject
Project("{FAE04EC0-301F-11D3-BF4B-00C04F79EFBC}") = "Task2", "Homework3-Dtype Conversion\Task2\Task2.csproj", "{ACA9167E-4E24-40EF-8AE0-A7366C7724DA}"
EndProject
Project("{FAE04EC0-301F-11D3-BF4B-00C04F79EFBC}") = "Task3", "Homework3-Dtype Conversion\Task3\Task3.csproj", "{1F20F126-EFDC-43C0-B728-0DC02C66B7E8}"
EndProject
Project("{FAE04EC0-301F-11D3-BF4B-00C04F79EFBC}") = "Task4", "Homework3-Dtype Conversion\Task4\Task4.csproj", "{BE181FD9-2870-4175-80F7-4ABDBF50EC53}"
EndProject
Project("{FAE04EC0-301F-11D3-BF4B-00C04F79EFBC}") = "Task5", "Homework3-Dtype Conversion\Task5\Task5.csproj", "{BCD9D325-0FA7-42B5-B63F-C100F4BABE43}"
EndProject
Project("{2150E333-8FDC-42A3-9474-1A3956D46DE8}") = "Homework4-String", "Homework4-String", "{23798E8B-BCA4-431C-ABAD-B69C4B06B285}"
EndProject
Project("{FAE04EC0-301F-11D3-BF4B-00C04F79EFBC}") = "Task1", "Homework4-String\Task1\Task1.csproj", "{D24ED7A0-0060-4507-8748-813BC9707A9B}"
EndProject
Project("{FAE04EC0-301F-11D3-BF4B-00C04F79EFBC}") = "Task2", "Homework4-String\Task2\Task2.csproj", "{9733D258-6D2C-4305-9814-463314A892EB}"
EndProject
Project("{FAE04EC0-301F-11D3-BF4B-00C04F79EFBC}") = "Task3", "Homework4-String\Task3\Task3.csproj", "{BA10D840-E08B-4697-B42A-3F4ABCC0F2E4}"
EndProject
Project("{FAE04EC0-301F-11D3-BF4B-00C04F79EFBC}") = "Task4", "Homework4-String\Task4\Task4.csproj", "{38C30335-F689-460E-9A92-A33930B3462B}"
EndProject
Project("{FAE04EC0-301F-11D3-BF4B-00C04F79EFBC}") = "Task5", "Homework4-String\Task5\Task5.csproj", "{BC3533FC-4191-44AB-BC8F-A0BC8BB08623}"
EndProject
Project("{FAE04EC0-301F-11D3-BF4B-00C04F79EFBC}") = "Task6", "Homework4-String\Task6\Task6.csproj", "{830D54AF-5EA1-4F61-9FD2-8DFDB830F268}"
EndProject
Project("{FAE04EC0-301F-11D3-BF4B-00C04F79EFBC}") = "Task7", "Homework4-String\Task7\Task7.csproj", "{DC869A21-13B9-4E07-87B4-70A9887B4FB9}"
EndProject
Project("{FAE04EC0-301F-11D3-BF4B-00C04F79EFBC}") = "Task8", "Homework4-String\Task8\Task8.csproj", "{61B30476-9BB5-4344-92E1-EC0FE715E731}"
EndProject
Project("{FAE04EC0-301F-11D3-BF4B-00C04F79EFBC}") = "Task9", "Homework4-String\Task9\Task9.csproj", "{F8651E25-3760-4D71-ADAA-A7EB013FB4FB}"
EndProject
Project("{FAE04EC0-301F-11D3-BF4B-00C04F79EFBC}") = "Task10", "Homework4-String\Task10\Task10.csproj", "{EBAE7D95-3069-43D5-ACFF-84CEFF7371CE}"
EndProject
Project("{2150E333-8FDC-42A3-9474-1A3956D46DE8}") = "Homework5-If Statement", "Homework5-If Statement", "{BF06C3A8-0A80-4BF4-8610-DFA5D6FB5F8B}"
EndProject
Project("{FAE04EC0-301F-11D3-BF4B-00C04F79EFBC}") = "Task1", "Homework5-If Statement\Task1\Task1.csproj", "{BCE20F05-EB8B-435E-AB56-BD5101A48E27}"
EndProject
Project("{FAE04EC0-301F-11D3-BF4B-00C04F79EFBC}") = "Task2", "Homework5-If Statement\Task2\Task2.csproj", "{819BFF14-97B7-45A5-AA3C-67CEC1C19E30}"
EndProject
Project("{FAE04EC0-301F-11D3-BF4B-00C04F79EFBC}") = "Task3", "Homework5-If Statement\Task3\Task3.csproj", "{8247852D-9DA5-4246-B157-CA724A4E73C6}"
EndProject
Project("{FAE04EC0-301F-11D3-BF4B-00C04F79EFBC}") = "Task4", "Homework5-If Statement\Task4\Task4.csproj", "{F1E7437A-A520-44B1-BB08-C9209EBC6590}"
EndProject
Project("{FAE04EC0-301F-11D3-BF4B-00C04F79EFBC}") = "Task5", "Homework5-If Statement\Task5\Task5.csproj", "{DADCFE1D-336B-40FE-9533-71E9DF1B062B}"
EndProject
Project("{FAE04EC0-301F-11D3-BF4B-00C04F79EFBC}") = "Task6", "Homework5-If Statement\Task6\Task6.csproj", "{96CDC7F8-012E-4AB6-93C1-62A8A293A262}"
EndProject
Project("{FAE04EC0-301F-11D3-BF4B-00C04F79EFBC}") = "Task7", "Homework5-If Statement\Task7\Task7.csproj", "{112CAADE-E130-42F2-993C-7F4C43AAE310}"
EndProject
Project("{FAE04EC0-301F-11D3-BF4B-00C04F79EFBC}") = "Task8", "Homework5-If Statement\Task8\Task8.csproj", "{6E9EFCC4-49FF-4C9F-9C01-FAF33CA34B9F}"
EndProject
Project("{FAE04EC0-301F-11D3-BF4B-00C04F79EFBC}") = "Task9", "Homework5-If Statement\Task9\Task9.csproj", "{0FED5931-7392-40DB-B029-57E611218164}"
EndProject
Project("{FAE04EC0-301F-11D3-BF4B-00C04F79EFBC}") = "Task10", "Homework5-If Statement\Task10\Task10.csproj", "{E88C3564-8350-4E2F-A3B1-E16BC3EDAFD3}"
EndProject
Project("{FAE04EC0-301F-11D3-BF4B-00C04F79EFBC}") = "Task11", "Homework5-If Statement\Task11\Task11.csproj", "{7B5B2649-5752-4DDE-BB04-F526F5BC0F01}"
EndProject
Project("{FAE04EC0-301F-11D3-BF4B-00C04F79EFBC}") = "Task12", "Homework5-If Statement\Task12\Task12.csproj", "{CA213A38-DD43-47F9-B059-8E0536D03009}"
EndProject
Project("{FAE04EC0-301F-11D3-BF4B-00C04F79EFBC}") = "Task13", "Homework5-If Statement\Task13\Task13.csproj", "{619C80AE-B8B0-4A48-A645-B7C1E8B7CE77}"
EndProject
Project("{2150E333-8FDC-42A3-9474-1A3956D46DE8}") = "Homework6-For Loop", "Homework6-For Loop", "{75299C22-A627-4D7C-B88E-B03B26B10B9A}"
EndProject
Project("{FAE04EC0-301F-11D3-BF4B-00C04F79EFBC}") = "Task1", "Homework6-For Loop\Task1\Task1.csproj", "{7E998905-52B4-40D8-BC7F-151D8147AD39}"
EndProject
Project("{FAE04EC0-301F-11D3-BF4B-00C04F79EFBC}") = "Task2", "Homework6-For Loop\Task2\Task2.csproj", "{6A868725-0901-4A21-9A2C-5414ED0A46BC}"
EndProject
Project("{FAE04EC0-301F-11D3-BF4B-00C04F79EFBC}") = "Task3", "Homework6-For Loop\Task3\Task3.csproj", "{78271B42-768C-46A8-A738-05819D57D203}"
EndProject
Project("{FAE04EC0-301F-11D3-BF4B-00C04F79EFBC}") = "Task4", "Homework6-For Loop\Task4\Task4.csproj", "{8D76AED6-71E8-47D9-8241-50E857531DF2}"
EndProject
Project("{FAE04EC0-301F-11D3-BF4B-00C04F79EFBC}") = "Task5", "Homework6-For Loop\Task5\Task5.csproj", "{F5B817CF-1AF6-40CD-8A87-4609920C4944}"
EndProject
Project("{FAE04EC0-301F-11D3-BF4B-00C04F79EFBC}") = "Task6", "Homework6-For Loop\Task6\Task6.csproj", "{910BC3E6-882E-44C6-98C6-07E4BB456B94}"
EndProject
Project("{FAE04EC0-301F-11D3-BF4B-00C04F79EFBC}") = "Task7", "Homework6-For Loop\Task7\Task7.csproj", "{A2FDB961-F0A4-480E-BD51-FF9FDFD9C411}"
EndProject
Project("{FAE04EC0-301F-11D3-BF4B-00C04F79EFBC}") = "Task8", "Homework6-For Loop\Task8\Task8.csproj", "{73429773-5B4E-49CA-A046-D5642E468448}"
EndProject
Project("{FAE04EC0-301F-11D3-BF4B-00C04F79EFBC}") = "Task9", "Homework6-For Loop\Task9\Task9.csproj", "{52AD64C7-F7CE-4474-91FC-C813C4BDB663}"
EndProject
Project("{FAE04EC0-301F-11D3-BF4B-00C04F79EFBC}") = "Task10", "Homework6-For Loop\Task10\Task10.csproj", "{657E2B69-E5E8-454E-A83D-84225D0C532F}"
EndProject
Project("{2150E333-8FDC-42A3-9474-1A3956D46DE8}") = "Homework7-Loops", "Homework7-Loops", "{D6962D15-7DEC-4462-88BE-F9E176DF0895}"
EndProject
Project("{FAE04EC0-301F-11D3-BF4B-00C04F79EFBC}") = "Task1", "Homework7-Loops\Task1\Task1.csproj", "{22FC0D87-8F46-4C36-8EDF-35152E329C6F}"
EndProject
Project("{FAE04EC0-301F-11D3-BF4B-00C04F79EFBC}") = "Task2", "Homework7-Loops\Task2\Task2.csproj", "{732B9421-E457-4DD0-8D7C-B82BDB5F0DCA}"
EndProject
Project("{FAE04EC0-301F-11D3-BF4B-00C04F79EFBC}") = "Task3", "Homework7-Loops\Task3\Task3.csproj", "{4F3DD99A-C3A3-4928-B5EB-F40CF0EBFF84}"
EndProject
Project("{FAE04EC0-301F-11D3-BF4B-00C04F79EFBC}") = "Task4", "Homework7-Loops\Task4\Task4.csproj", "{A7A93F4D-EAA0-4EC3-8F9D-5220605650A4}"
EndProject
Project("{FAE04EC0-301F-11D3-BF4B-00C04F79EFBC}") = "Task5", "Homework7-Loops\Task5\Task5.csproj", "{90906D59-D845-4EB7-8DE3-482148272A9F}"
EndProject
Project("{FAE04EC0-301F-11D3-BF4B-00C04F79EFBC}") = "Task6", "Homework7-Loops\Task6\Task6.csproj", "{FE23C45D-B423-43B1-8D0A-FDC33FF53149}"
EndProject
Project("{FAE04EC0-301F-11D3-BF4B-00C04F79EFBC}") = "Task7", "Homework7-Loops\Task7\Task7.csproj", "{59F53AF9-2EE3-43DA-BD5E-EB54B2C5C007}"
EndProject
Project("{FAE04EC0-301F-11D3-BF4B-00C04F79EFBC}") = "Task8", "Homework7-Loops\Task8\Task8.csproj", "{82D77825-DFF4-413E-8D6B-655D9222844D}"
EndProject
Project("{FAE04EC0-301F-11D3-BF4B-00C04F79EFBC}") = "Task9", "Homework7-Loops\Task9\Task9.csproj", "{88A97419-65B5-4ABE-839D-D5F17C035E0A}"
EndProject
Project("{2150E333-8FDC-42A3-9474-1A3956D46DE8}") = "Homework8-Enum", "Homework8-Enum", "{FDD04B06-49A8-45CD-9D75-BE78732E64F3}"
EndProject
Project("{FAE04EC0-301F-11D3-BF4B-00C04F79EFBC}") = "Task10", "Homework7-Loops\Task10\Task10.csproj", "{EA566C15-D108-488D-BC09-FF48D0F67E29}"
EndProject
Project("{2150E333-8FDC-42A3-9474-1A3956D46DE8}") = "Homework9-Array", "Homework9-Array", "{5E2BDBD7-63CC-488C-934D-86D026B22F0F}"
EndProject
Project("{FAE04EC0-301F-11D3-BF4B-00C04F79EFBC}") = "Task1", "Homework9-Array\Task1\Task1.csproj", "{54C9C80A-0602-4EF3-A364-1E8401E52F27}"
EndProject
Project("{FAE04EC0-301F-11D3-BF4B-00C04F79EFBC}") = "Task2", "Homework9-Array\Task2\Task2.csproj", "{AF6D1256-485A-4C27-A6AB-BF08EBA6735B}"
EndProject
Project("{FAE04EC0-301F-11D3-BF4B-00C04F79EFBC}") = "Task3", "Homework9-Array\Task3\Task3.csproj", "{B206271D-9146-41B0-A164-2C2A14756167}"
EndProject
Project("{FAE04EC0-301F-11D3-BF4B-00C04F79EFBC}") = "Task4", "Homework9-Array\Task4\Task4.csproj", "{F83626EE-D023-442B-A162-CDD0AFBEED29}"
EndProject
Project("{FAE04EC0-301F-11D3-BF4B-00C04F79EFBC}") = "Task5", "Homework9-Array\Task5\Task5.csproj", "{52DD2190-244C-4B57-BFB5-61EA14C8BC2A}"
EndProject
Project("{FAE04EC0-301F-11D3-BF4B-00C04F79EFBC}") = "Task6", "Homework9-Array\Task6\Task6.csproj", "{888146C6-6957-414A-88AA-B6798A50CF6E}"
EndProject
Project("{FAE04EC0-301F-11D3-BF4B-00C04F79EFBC}") = "Task7", "Homework9-Array\Task7\Task7.csproj", "{15B70A3E-2184-465B-A2D5-B8ED29E5EB32}"
EndProject
Project("{FAE04EC0-301F-11D3-BF4B-00C04F79EFBC}") = "Task8", "Homework9-Array\Task8\Task8.csproj", "{93C0C8EB-CB34-48FB-897B-27C4585C6B78}"
EndProject
Project("{FAE04EC0-301F-11D3-BF4B-00C04F79EFBC}") = "Task1", "Homework8-Enum\Task1\Task1.csproj", "{AC11ADBE-E646-4633-88EA-19CB7E9BDE63}"
EndProject
Project("{FAE04EC0-301F-11D3-BF4B-00C04F79EFBC}") = "Task9", "Homework9-Array\Task9\Task9.csproj", "{EB18D799-AFDD-448F-BD16-D84C6E97FA11}"
EndProject
Project("{2150E333-8FDC-42A3-9474-1A3956D46DE8}") = "Homework10-Methods", "Homework10-Methods", "{B958067A-735C-4FD3-B702-F3F22925E603}"
EndProject
Project("{FAE04EC0-301F-11D3-BF4B-00C04F79EFBC}") = "Task1", "Homework10-Methods\Task1\Task1.csproj", "{3C87BB4E-4ED4-48F6-80CE-FECC037E359B}"
EndProject
Project("{FAE04EC0-301F-11D3-BF4B-00C04F79EFBC}") = "Task2", "Homework10-Methods\Task2\Task2.csproj", "{2D34920F-4ABD-4AFB-B2F6-468ECF66CF2D}"
EndProject
Project("{FAE04EC0-301F-11D3-BF4B-00C04F79EFBC}") = "Task3", "Homework10-Methods\Task3\Task3.csproj", "{1F013425-10CF-4195-BCC7-BC8D87BFFA65}"
EndProject
Project("{FAE04EC0-301F-11D3-BF4B-00C04F79EFBC}") = "Task4", "Homework10-Methods\Task4\Task4.csproj", "{8AE029F4-89DC-4913-AC96-9797BBC51147}"
EndProject
Project("{FAE04EC0-301F-11D3-BF4B-00C04F79EFBC}") = "Task5", "Homework10-Methods\Task5\Task5.csproj", "{53977205-62B9-44CC-9061-CD58EA1E2D2D}"
EndProject
Project("{FAE04EC0-301F-11D3-BF4B-00C04F79EFBC}") = "Task6", "Homework10-Methods\Task6\Task6.csproj", "{9DDE76E6-4E79-4699-822E-A11AFDADC33C}"
EndProject
Project("{FAE04EC0-301F-11D3-BF4B-00C04F79EFBC}") = "Task7", "Homework10-Methods\Task7\Task7.csproj", "{6E4ED525-C30A-49A9-BBF8-9EEBEC0B7696}"
EndProject
Global
	GlobalSection(SolutionConfigurationPlatforms) = preSolution
		Debug|Any CPU = Debug|Any CPU
		Release|Any CPU = Release|Any CPU
	EndGlobalSection
	GlobalSection(ProjectConfigurationPlatforms) = postSolution
		{EBBE96F8-7D4A-4881-AD20-3CB830E3F130}.Debug|Any CPU.ActiveCfg = Debug|Any CPU
		{EBBE96F8-7D4A-4881-AD20-3CB830E3F130}.Debug|Any CPU.Build.0 = Debug|Any CPU
		{EBBE96F8-7D4A-4881-AD20-3CB830E3F130}.Release|Any CPU.ActiveCfg = Release|Any CPU
		{EBBE96F8-7D4A-4881-AD20-3CB830E3F130}.Release|Any CPU.Build.0 = Release|Any CPU
		{CAB06141-6F35-4A82-8CDA-BAAA7DFE597D}.Debug|Any CPU.ActiveCfg = Debug|Any CPU
		{CAB06141-6F35-4A82-8CDA-BAAA7DFE597D}.Debug|Any CPU.Build.0 = Debug|Any CPU
		{CAB06141-6F35-4A82-8CDA-BAAA7DFE597D}.Release|Any CPU.ActiveCfg = Release|Any CPU
		{CAB06141-6F35-4A82-8CDA-BAAA7DFE597D}.Release|Any CPU.Build.0 = Release|Any CPU
		{641A385D-456B-4B99-AACD-2487B081236E}.Debug|Any CPU.ActiveCfg = Debug|Any CPU
		{641A385D-456B-4B99-AACD-2487B081236E}.Debug|Any CPU.Build.0 = Debug|Any CPU
		{641A385D-456B-4B99-AACD-2487B081236E}.Release|Any CPU.ActiveCfg = Release|Any CPU
		{641A385D-456B-4B99-AACD-2487B081236E}.Release|Any CPU.Build.0 = Release|Any CPU
		{3765F858-AC16-4630-9B7B-F382973109E0}.Debug|Any CPU.ActiveCfg = Debug|Any CPU
		{3765F858-AC16-4630-9B7B-F382973109E0}.Debug|Any CPU.Build.0 = Debug|Any CPU
		{3765F858-AC16-4630-9B7B-F382973109E0}.Release|Any CPU.ActiveCfg = Release|Any CPU
		{3765F858-AC16-4630-9B7B-F382973109E0}.Release|Any CPU.Build.0 = Release|Any CPU
		{47440687-8F56-4E2E-98A1-34D974E343F4}.Debug|Any CPU.ActiveCfg = Debug|Any CPU
		{47440687-8F56-4E2E-98A1-34D974E343F4}.Debug|Any CPU.Build.0 = Debug|Any CPU
		{47440687-8F56-4E2E-98A1-34D974E343F4}.Release|Any CPU.ActiveCfg = Release|Any CPU
		{47440687-8F56-4E2E-98A1-34D974E343F4}.Release|Any CPU.Build.0 = Release|Any CPU
		{ACA9167E-4E24-40EF-8AE0-A7366C7724DA}.Debug|Any CPU.ActiveCfg = Debug|Any CPU
		{ACA9167E-4E24-40EF-8AE0-A7366C7724DA}.Debug|Any CPU.Build.0 = Debug|Any CPU
		{ACA9167E-4E24-40EF-8AE0-A7366C7724DA}.Release|Any CPU.ActiveCfg = Release|Any CPU
		{ACA9167E-4E24-40EF-8AE0-A7366C7724DA}.Release|Any CPU.Build.0 = Release|Any CPU
		{1F20F126-EFDC-43C0-B728-0DC02C66B7E8}.Debug|Any CPU.ActiveCfg = Debug|Any CPU
		{1F20F126-EFDC-43C0-B728-0DC02C66B7E8}.Debug|Any CPU.Build.0 = Debug|Any CPU
		{1F20F126-EFDC-43C0-B728-0DC02C66B7E8}.Release|Any CPU.ActiveCfg = Release|Any CPU
		{1F20F126-EFDC-43C0-B728-0DC02C66B7E8}.Release|Any CPU.Build.0 = Release|Any CPU
		{BE181FD9-2870-4175-80F7-4ABDBF50EC53}.Debug|Any CPU.ActiveCfg = Debug|Any CPU
		{BE181FD9-2870-4175-80F7-4ABDBF50EC53}.Debug|Any CPU.Build.0 = Debug|Any CPU
		{BE181FD9-2870-4175-80F7-4ABDBF50EC53}.Release|Any CPU.ActiveCfg = Release|Any CPU
		{BE181FD9-2870-4175-80F7-4ABDBF50EC53}.Release|Any CPU.Build.0 = Release|Any CPU
		{BCD9D325-0FA7-42B5-B63F-C100F4BABE43}.Debug|Any CPU.ActiveCfg = Debug|Any CPU
		{BCD9D325-0FA7-42B5-B63F-C100F4BABE43}.Debug|Any CPU.Build.0 = Debug|Any CPU
		{BCD9D325-0FA7-42B5-B63F-C100F4BABE43}.Release|Any CPU.ActiveCfg = Release|Any CPU
		{BCD9D325-0FA7-42B5-B63F-C100F4BABE43}.Release|Any CPU.Build.0 = Release|Any CPU
		{D24ED7A0-0060-4507-8748-813BC9707A9B}.Debug|Any CPU.ActiveCfg = Debug|Any CPU
		{D24ED7A0-0060-4507-8748-813BC9707A9B}.Debug|Any CPU.Build.0 = Debug|Any CPU
		{D24ED7A0-0060-4507-8748-813BC9707A9B}.Release|Any CPU.ActiveCfg = Release|Any CPU
		{D24ED7A0-0060-4507-8748-813BC9707A9B}.Release|Any CPU.Build.0 = Release|Any CPU
		{9733D258-6D2C-4305-9814-463314A892EB}.Debug|Any CPU.ActiveCfg = Debug|Any CPU
		{9733D258-6D2C-4305-9814-463314A892EB}.Debug|Any CPU.Build.0 = Debug|Any CPU
		{9733D258-6D2C-4305-9814-463314A892EB}.Release|Any CPU.ActiveCfg = Release|Any CPU
		{9733D258-6D2C-4305-9814-463314A892EB}.Release|Any CPU.Build.0 = Release|Any CPU
		{BA10D840-E08B-4697-B42A-3F4ABCC0F2E4}.Debug|Any CPU.ActiveCfg = Debug|Any CPU
		{BA10D840-E08B-4697-B42A-3F4ABCC0F2E4}.Debug|Any CPU.Build.0 = Debug|Any CPU
		{BA10D840-E08B-4697-B42A-3F4ABCC0F2E4}.Release|Any CPU.ActiveCfg = Release|Any CPU
		{BA10D840-E08B-4697-B42A-3F4ABCC0F2E4}.Release|Any CPU.Build.0 = Release|Any CPU
		{38C30335-F689-460E-9A92-A33930B3462B}.Debug|Any CPU.ActiveCfg = Debug|Any CPU
		{38C30335-F689-460E-9A92-A33930B3462B}.Debug|Any CPU.Build.0 = Debug|Any CPU
		{38C30335-F689-460E-9A92-A33930B3462B}.Release|Any CPU.ActiveCfg = Release|Any CPU
		{38C30335-F689-460E-9A92-A33930B3462B}.Release|Any CPU.Build.0 = Release|Any CPU
		{BC3533FC-4191-44AB-BC8F-A0BC8BB08623}.Debug|Any CPU.ActiveCfg = Debug|Any CPU
		{BC3533FC-4191-44AB-BC8F-A0BC8BB08623}.Debug|Any CPU.Build.0 = Debug|Any CPU
		{BC3533FC-4191-44AB-BC8F-A0BC8BB08623}.Release|Any CPU.ActiveCfg = Release|Any CPU
		{BC3533FC-4191-44AB-BC8F-A0BC8BB08623}.Release|Any CPU.Build.0 = Release|Any CPU
		{830D54AF-5EA1-4F61-9FD2-8DFDB830F268}.Debug|Any CPU.ActiveCfg = Debug|Any CPU
		{830D54AF-5EA1-4F61-9FD2-8DFDB830F268}.Debug|Any CPU.Build.0 = Debug|Any CPU
		{830D54AF-5EA1-4F61-9FD2-8DFDB830F268}.Release|Any CPU.ActiveCfg = Release|Any CPU
		{830D54AF-5EA1-4F61-9FD2-8DFDB830F268}.Release|Any CPU.Build.0 = Release|Any CPU
		{DC869A21-13B9-4E07-87B4-70A9887B4FB9}.Debug|Any CPU.ActiveCfg = Debug|Any CPU
		{DC869A21-13B9-4E07-87B4-70A9887B4FB9}.Debug|Any CPU.Build.0 = Debug|Any CPU
		{DC869A21-13B9-4E07-87B4-70A9887B4FB9}.Release|Any CPU.ActiveCfg = Release|Any CPU
		{DC869A21-13B9-4E07-87B4-70A9887B4FB9}.Release|Any CPU.Build.0 = Release|Any CPU
		{61B30476-9BB5-4344-92E1-EC0FE715E731}.Debug|Any CPU.ActiveCfg = Debug|Any CPU
		{61B30476-9BB5-4344-92E1-EC0FE715E731}.Debug|Any CPU.Build.0 = Debug|Any CPU
		{61B30476-9BB5-4344-92E1-EC0FE715E731}.Release|Any CPU.ActiveCfg = Release|Any CPU
		{61B30476-9BB5-4344-92E1-EC0FE715E731}.Release|Any CPU.Build.0 = Release|Any CPU
		{F8651E25-3760-4D71-ADAA-A7EB013FB4FB}.Debug|Any CPU.ActiveCfg = Debug|Any CPU
		{F8651E25-3760-4D71-ADAA-A7EB013FB4FB}.Debug|Any CPU.Build.0 = Debug|Any CPU
		{F8651E25-3760-4D71-ADAA-A7EB013FB4FB}.Release|Any CPU.ActiveCfg = Release|Any CPU
		{F8651E25-3760-4D71-ADAA-A7EB013FB4FB}.Release|Any CPU.Build.0 = Release|Any CPU
		{EBAE7D95-3069-43D5-ACFF-84CEFF7371CE}.Debug|Any CPU.ActiveCfg = Debug|Any CPU
		{EBAE7D95-3069-43D5-ACFF-84CEFF7371CE}.Debug|Any CPU.Build.0 = Debug|Any CPU
		{EBAE7D95-3069-43D5-ACFF-84CEFF7371CE}.Release|Any CPU.ActiveCfg = Release|Any CPU
		{EBAE7D95-3069-43D5-ACFF-84CEFF7371CE}.Release|Any CPU.Build.0 = Release|Any CPU
		{BCE20F05-EB8B-435E-AB56-BD5101A48E27}.Debug|Any CPU.ActiveCfg = Debug|Any CPU
		{BCE20F05-EB8B-435E-AB56-BD5101A48E27}.Debug|Any CPU.Build.0 = Debug|Any CPU
		{BCE20F05-EB8B-435E-AB56-BD5101A48E27}.Release|Any CPU.ActiveCfg = Release|Any CPU
		{BCE20F05-EB8B-435E-AB56-BD5101A48E27}.Release|Any CPU.Build.0 = Release|Any CPU
		{819BFF14-97B7-45A5-AA3C-67CEC1C19E30}.Debug|Any CPU.ActiveCfg = Debug|Any CPU
		{819BFF14-97B7-45A5-AA3C-67CEC1C19E30}.Debug|Any CPU.Build.0 = Debug|Any CPU
		{819BFF14-97B7-45A5-AA3C-67CEC1C19E30}.Release|Any CPU.ActiveCfg = Release|Any CPU
		{819BFF14-97B7-45A5-AA3C-67CEC1C19E30}.Release|Any CPU.Build.0 = Release|Any CPU
		{8247852D-9DA5-4246-B157-CA724A4E73C6}.Debug|Any CPU.ActiveCfg = Debug|Any CPU
		{8247852D-9DA5-4246-B157-CA724A4E73C6}.Debug|Any CPU.Build.0 = Debug|Any CPU
		{8247852D-9DA5-4246-B157-CA724A4E73C6}.Release|Any CPU.ActiveCfg = Release|Any CPU
		{8247852D-9DA5-4246-B157-CA724A4E73C6}.Release|Any CPU.Build.0 = Release|Any CPU
		{F1E7437A-A520-44B1-BB08-C9209EBC6590}.Debug|Any CPU.ActiveCfg = Debug|Any CPU
		{F1E7437A-A520-44B1-BB08-C9209EBC6590}.Debug|Any CPU.Build.0 = Debug|Any CPU
		{F1E7437A-A520-44B1-BB08-C9209EBC6590}.Release|Any CPU.ActiveCfg = Release|Any CPU
		{F1E7437A-A520-44B1-BB08-C9209EBC6590}.Release|Any CPU.Build.0 = Release|Any CPU
		{DADCFE1D-336B-40FE-9533-71E9DF1B062B}.Debug|Any CPU.ActiveCfg = Debug|Any CPU
		{DADCFE1D-336B-40FE-9533-71E9DF1B062B}.Debug|Any CPU.Build.0 = Debug|Any CPU
		{DADCFE1D-336B-40FE-9533-71E9DF1B062B}.Release|Any CPU.ActiveCfg = Release|Any CPU
		{DADCFE1D-336B-40FE-9533-71E9DF1B062B}.Release|Any CPU.Build.0 = Release|Any CPU
		{96CDC7F8-012E-4AB6-93C1-62A8A293A262}.Debug|Any CPU.ActiveCfg = Debug|Any CPU
		{96CDC7F8-012E-4AB6-93C1-62A8A293A262}.Debug|Any CPU.Build.0 = Debug|Any CPU
		{96CDC7F8-012E-4AB6-93C1-62A8A293A262}.Release|Any CPU.ActiveCfg = Release|Any CPU
		{96CDC7F8-012E-4AB6-93C1-62A8A293A262}.Release|Any CPU.Build.0 = Release|Any CPU
		{112CAADE-E130-42F2-993C-7F4C43AAE310}.Debug|Any CPU.ActiveCfg = Debug|Any CPU
		{112CAADE-E130-42F2-993C-7F4C43AAE310}.Debug|Any CPU.Build.0 = Debug|Any CPU
		{112CAADE-E130-42F2-993C-7F4C43AAE310}.Release|Any CPU.ActiveCfg = Release|Any CPU
		{112CAADE-E130-42F2-993C-7F4C43AAE310}.Release|Any CPU.Build.0 = Release|Any CPU
		{6E9EFCC4-49FF-4C9F-9C01-FAF33CA34B9F}.Debug|Any CPU.ActiveCfg = Debug|Any CPU
		{6E9EFCC4-49FF-4C9F-9C01-FAF33CA34B9F}.Debug|Any CPU.Build.0 = Debug|Any CPU
		{6E9EFCC4-49FF-4C9F-9C01-FAF33CA34B9F}.Release|Any CPU.ActiveCfg = Release|Any CPU
		{6E9EFCC4-49FF-4C9F-9C01-FAF33CA34B9F}.Release|Any CPU.Build.0 = Release|Any CPU
		{0FED5931-7392-40DB-B029-57E611218164}.Debug|Any CPU.ActiveCfg = Debug|Any CPU
		{0FED5931-7392-40DB-B029-57E611218164}.Debug|Any CPU.Build.0 = Debug|Any CPU
		{0FED5931-7392-40DB-B029-57E611218164}.Release|Any CPU.ActiveCfg = Release|Any CPU
		{0FED5931-7392-40DB-B029-57E611218164}.Release|Any CPU.Build.0 = Release|Any CPU
		{E88C3564-8350-4E2F-A3B1-E16BC3EDAFD3}.Debug|Any CPU.ActiveCfg = Debug|Any CPU
		{E88C3564-8350-4E2F-A3B1-E16BC3EDAFD3}.Debug|Any CPU.Build.0 = Debug|Any CPU
		{E88C3564-8350-4E2F-A3B1-E16BC3EDAFD3}.Release|Any CPU.ActiveCfg = Release|Any CPU
		{E88C3564-8350-4E2F-A3B1-E16BC3EDAFD3}.Release|Any CPU.Build.0 = Release|Any CPU
		{7B5B2649-5752-4DDE-BB04-F526F5BC0F01}.Debug|Any CPU.ActiveCfg = Debug|Any CPU
		{7B5B2649-5752-4DDE-BB04-F526F5BC0F01}.Debug|Any CPU.Build.0 = Debug|Any CPU
		{7B5B2649-5752-4DDE-BB04-F526F5BC0F01}.Release|Any CPU.ActiveCfg = Release|Any CPU
		{7B5B2649-5752-4DDE-BB04-F526F5BC0F01}.Release|Any CPU.Build.0 = Release|Any CPU
		{CA213A38-DD43-47F9-B059-8E0536D03009}.Debug|Any CPU.ActiveCfg = Debug|Any CPU
		{CA213A38-DD43-47F9-B059-8E0536D03009}.Debug|Any CPU.Build.0 = Debug|Any CPU
		{CA213A38-DD43-47F9-B059-8E0536D03009}.Release|Any CPU.ActiveCfg = Release|Any CPU
		{CA213A38-DD43-47F9-B059-8E0536D03009}.Release|Any CPU.Build.0 = Release|Any CPU
		{619C80AE-B8B0-4A48-A645-B7C1E8B7CE77}.Debug|Any CPU.ActiveCfg = Debug|Any CPU
		{619C80AE-B8B0-4A48-A645-B7C1E8B7CE77}.Debug|Any CPU.Build.0 = Debug|Any CPU
		{619C80AE-B8B0-4A48-A645-B7C1E8B7CE77}.Release|Any CPU.ActiveCfg = Release|Any CPU
		{619C80AE-B8B0-4A48-A645-B7C1E8B7CE77}.Release|Any CPU.Build.0 = Release|Any CPU
		{7E998905-52B4-40D8-BC7F-151D8147AD39}.Debug|Any CPU.ActiveCfg = Debug|Any CPU
		{7E998905-52B4-40D8-BC7F-151D8147AD39}.Debug|Any CPU.Build.0 = Debug|Any CPU
		{7E998905-52B4-40D8-BC7F-151D8147AD39}.Release|Any CPU.ActiveCfg = Release|Any CPU
		{7E998905-52B4-40D8-BC7F-151D8147AD39}.Release|Any CPU.Build.0 = Release|Any CPU
		{6A868725-0901-4A21-9A2C-5414ED0A46BC}.Debug|Any CPU.ActiveCfg = Debug|Any CPU
		{6A868725-0901-4A21-9A2C-5414ED0A46BC}.Debug|Any CPU.Build.0 = Debug|Any CPU
		{6A868725-0901-4A21-9A2C-5414ED0A46BC}.Release|Any CPU.ActiveCfg = Release|Any CPU
		{6A868725-0901-4A21-9A2C-5414ED0A46BC}.Release|Any CPU.Build.0 = Release|Any CPU
		{78271B42-768C-46A8-A738-05819D57D203}.Debug|Any CPU.ActiveCfg = Debug|Any CPU
		{78271B42-768C-46A8-A738-05819D57D203}.Debug|Any CPU.Build.0 = Debug|Any CPU
		{78271B42-768C-46A8-A738-05819D57D203}.Release|Any CPU.ActiveCfg = Release|Any CPU
		{78271B42-768C-46A8-A738-05819D57D203}.Release|Any CPU.Build.0 = Release|Any CPU
		{8D76AED6-71E8-47D9-8241-50E857531DF2}.Debug|Any CPU.ActiveCfg = Debug|Any CPU
		{8D76AED6-71E8-47D9-8241-50E857531DF2}.Debug|Any CPU.Build.0 = Debug|Any CPU
		{8D76AED6-71E8-47D9-8241-50E857531DF2}.Release|Any CPU.ActiveCfg = Release|Any CPU
		{8D76AED6-71E8-47D9-8241-50E857531DF2}.Release|Any CPU.Build.0 = Release|Any CPU
		{F5B817CF-1AF6-40CD-8A87-4609920C4944}.Debug|Any CPU.ActiveCfg = Debug|Any CPU
		{F5B817CF-1AF6-40CD-8A87-4609920C4944}.Debug|Any CPU.Build.0 = Debug|Any CPU
		{F5B817CF-1AF6-40CD-8A87-4609920C4944}.Release|Any CPU.ActiveCfg = Release|Any CPU
		{F5B817CF-1AF6-40CD-8A87-4609920C4944}.Release|Any CPU.Build.0 = Release|Any CPU
		{910BC3E6-882E-44C6-98C6-07E4BB456B94}.Debug|Any CPU.ActiveCfg = Debug|Any CPU
		{910BC3E6-882E-44C6-98C6-07E4BB456B94}.Debug|Any CPU.Build.0 = Debug|Any CPU
		{910BC3E6-882E-44C6-98C6-07E4BB456B94}.Release|Any CPU.ActiveCfg = Release|Any CPU
		{910BC3E6-882E-44C6-98C6-07E4BB456B94}.Release|Any CPU.Build.0 = Release|Any CPU
		{A2FDB961-F0A4-480E-BD51-FF9FDFD9C411}.Debug|Any CPU.ActiveCfg = Debug|Any CPU
		{A2FDB961-F0A4-480E-BD51-FF9FDFD9C411}.Debug|Any CPU.Build.0 = Debug|Any CPU
		{A2FDB961-F0A4-480E-BD51-FF9FDFD9C411}.Release|Any CPU.ActiveCfg = Release|Any CPU
		{A2FDB961-F0A4-480E-BD51-FF9FDFD9C411}.Release|Any CPU.Build.0 = Release|Any CPU
		{73429773-5B4E-49CA-A046-D5642E468448}.Debug|Any CPU.ActiveCfg = Debug|Any CPU
		{73429773-5B4E-49CA-A046-D5642E468448}.Debug|Any CPU.Build.0 = Debug|Any CPU
		{73429773-5B4E-49CA-A046-D5642E468448}.Release|Any CPU.ActiveCfg = Release|Any CPU
		{73429773-5B4E-49CA-A046-D5642E468448}.Release|Any CPU.Build.0 = Release|Any CPU
		{52AD64C7-F7CE-4474-91FC-C813C4BDB663}.Debug|Any CPU.ActiveCfg = Debug|Any CPU
		{52AD64C7-F7CE-4474-91FC-C813C4BDB663}.Debug|Any CPU.Build.0 = Debug|Any CPU
		{52AD64C7-F7CE-4474-91FC-C813C4BDB663}.Release|Any CPU.ActiveCfg = Release|Any CPU
		{52AD64C7-F7CE-4474-91FC-C813C4BDB663}.Release|Any CPU.Build.0 = Release|Any CPU
		{657E2B69-E5E8-454E-A83D-84225D0C532F}.Debug|Any CPU.ActiveCfg = Debug|Any CPU
		{657E2B69-E5E8-454E-A83D-84225D0C532F}.Debug|Any CPU.Build.0 = Debug|Any CPU
		{657E2B69-E5E8-454E-A83D-84225D0C532F}.Release|Any CPU.ActiveCfg = Release|Any CPU
		{657E2B69-E5E8-454E-A83D-84225D0C532F}.Release|Any CPU.Build.0 = Release|Any CPU
		{22FC0D87-8F46-4C36-8EDF-35152E329C6F}.Debug|Any CPU.ActiveCfg = Debug|Any CPU
		{22FC0D87-8F46-4C36-8EDF-35152E329C6F}.Debug|Any CPU.Build.0 = Debug|Any CPU
		{22FC0D87-8F46-4C36-8EDF-35152E329C6F}.Release|Any CPU.ActiveCfg = Release|Any CPU
		{22FC0D87-8F46-4C36-8EDF-35152E329C6F}.Release|Any CPU.Build.0 = Release|Any CPU
		{732B9421-E457-4DD0-8D7C-B82BDB5F0DCA}.Debug|Any CPU.ActiveCfg = Debug|Any CPU
		{732B9421-E457-4DD0-8D7C-B82BDB5F0DCA}.Debug|Any CPU.Build.0 = Debug|Any CPU
		{732B9421-E457-4DD0-8D7C-B82BDB5F0DCA}.Release|Any CPU.ActiveCfg = Release|Any CPU
		{732B9421-E457-4DD0-8D7C-B82BDB5F0DCA}.Release|Any CPU.Build.0 = Release|Any CPU
		{4F3DD99A-C3A3-4928-B5EB-F40CF0EBFF84}.Debug|Any CPU.ActiveCfg = Debug|Any CPU
		{4F3DD99A-C3A3-4928-B5EB-F40CF0EBFF84}.Debug|Any CPU.Build.0 = Debug|Any CPU
		{4F3DD99A-C3A3-4928-B5EB-F40CF0EBFF84}.Release|Any CPU.ActiveCfg = Release|Any CPU
		{4F3DD99A-C3A3-4928-B5EB-F40CF0EBFF84}.Release|Any CPU.Build.0 = Release|Any CPU
		{A7A93F4D-EAA0-4EC3-8F9D-5220605650A4}.Debug|Any CPU.ActiveCfg = Debug|Any CPU
		{A7A93F4D-EAA0-4EC3-8F9D-5220605650A4}.Debug|Any CPU.Build.0 = Debug|Any CPU
		{A7A93F4D-EAA0-4EC3-8F9D-5220605650A4}.Release|Any CPU.ActiveCfg = Release|Any CPU
		{A7A93F4D-EAA0-4EC3-8F9D-5220605650A4}.Release|Any CPU.Build.0 = Release|Any CPU
		{90906D59-D845-4EB7-8DE3-482148272A9F}.Debug|Any CPU.ActiveCfg = Debug|Any CPU
		{90906D59-D845-4EB7-8DE3-482148272A9F}.Debug|Any CPU.Build.0 = Debug|Any CPU
		{90906D59-D845-4EB7-8DE3-482148272A9F}.Release|Any CPU.ActiveCfg = Release|Any CPU
		{90906D59-D845-4EB7-8DE3-482148272A9F}.Release|Any CPU.Build.0 = Release|Any CPU
		{FE23C45D-B423-43B1-8D0A-FDC33FF53149}.Debug|Any CPU.ActiveCfg = Debug|Any CPU
		{FE23C45D-B423-43B1-8D0A-FDC33FF53149}.Debug|Any CPU.Build.0 = Debug|Any CPU
		{FE23C45D-B423-43B1-8D0A-FDC33FF53149}.Release|Any CPU.ActiveCfg = Release|Any CPU
		{FE23C45D-B423-43B1-8D0A-FDC33FF53149}.Release|Any CPU.Build.0 = Release|Any CPU
		{59F53AF9-2EE3-43DA-BD5E-EB54B2C5C007}.Debug|Any CPU.ActiveCfg = Debug|Any CPU
		{59F53AF9-2EE3-43DA-BD5E-EB54B2C5C007}.Debug|Any CPU.Build.0 = Debug|Any CPU
		{59F53AF9-2EE3-43DA-BD5E-EB54B2C5C007}.Release|Any CPU.ActiveCfg = Release|Any CPU
		{59F53AF9-2EE3-43DA-BD5E-EB54B2C5C007}.Release|Any CPU.Build.0 = Release|Any CPU
		{82D77825-DFF4-413E-8D6B-655D9222844D}.Debug|Any CPU.ActiveCfg = Debug|Any CPU
		{82D77825-DFF4-413E-8D6B-655D9222844D}.Debug|Any CPU.Build.0 = Debug|Any CPU
		{82D77825-DFF4-413E-8D6B-655D9222844D}.Release|Any CPU.ActiveCfg = Release|Any CPU
		{82D77825-DFF4-413E-8D6B-655D9222844D}.Release|Any CPU.Build.0 = Release|Any CPU
		{88A97419-65B5-4ABE-839D-D5F17C035E0A}.Debug|Any CPU.ActiveCfg = Debug|Any CPU
		{88A97419-65B5-4ABE-839D-D5F17C035E0A}.Debug|Any CPU.Build.0 = Debug|Any CPU
		{88A97419-65B5-4ABE-839D-D5F17C035E0A}.Release|Any CPU.ActiveCfg = Release|Any CPU
		{88A97419-65B5-4ABE-839D-D5F17C035E0A}.Release|Any CPU.Build.0 = Release|Any CPU
		{EA566C15-D108-488D-BC09-FF48D0F67E29}.Debug|Any CPU.ActiveCfg = Debug|Any CPU
		{EA566C15-D108-488D-BC09-FF48D0F67E29}.Debug|Any CPU.Build.0 = Debug|Any CPU
		{EA566C15-D108-488D-BC09-FF48D0F67E29}.Release|Any CPU.ActiveCfg = Release|Any CPU
		{EA566C15-D108-488D-BC09-FF48D0F67E29}.Release|Any CPU.Build.0 = Release|Any CPU
		{54C9C80A-0602-4EF3-A364-1E8401E52F27}.Debug|Any CPU.ActiveCfg = Debug|Any CPU
		{54C9C80A-0602-4EF3-A364-1E8401E52F27}.Debug|Any CPU.Build.0 = Debug|Any CPU
		{54C9C80A-0602-4EF3-A364-1E8401E52F27}.Release|Any CPU.ActiveCfg = Release|Any CPU
		{54C9C80A-0602-4EF3-A364-1E8401E52F27}.Release|Any CPU.Build.0 = Release|Any CPU
		{AF6D1256-485A-4C27-A6AB-BF08EBA6735B}.Debug|Any CPU.ActiveCfg = Debug|Any CPU
		{AF6D1256-485A-4C27-A6AB-BF08EBA6735B}.Debug|Any CPU.Build.0 = Debug|Any CPU
		{AF6D1256-485A-4C27-A6AB-BF08EBA6735B}.Release|Any CPU.ActiveCfg = Release|Any CPU
		{AF6D1256-485A-4C27-A6AB-BF08EBA6735B}.Release|Any CPU.Build.0 = Release|Any CPU
		{B206271D-9146-41B0-A164-2C2A14756167}.Debug|Any CPU.ActiveCfg = Debug|Any CPU
		{B206271D-9146-41B0-A164-2C2A14756167}.Debug|Any CPU.Build.0 = Debug|Any CPU
		{B206271D-9146-41B0-A164-2C2A14756167}.Release|Any CPU.ActiveCfg = Release|Any CPU
		{B206271D-9146-41B0-A164-2C2A14756167}.Release|Any CPU.Build.0 = Release|Any CPU
		{F83626EE-D023-442B-A162-CDD0AFBEED29}.Debug|Any CPU.ActiveCfg = Debug|Any CPU
		{F83626EE-D023-442B-A162-CDD0AFBEED29}.Debug|Any CPU.Build.0 = Debug|Any CPU
		{F83626EE-D023-442B-A162-CDD0AFBEED29}.Release|Any CPU.ActiveCfg = Release|Any CPU
		{F83626EE-D023-442B-A162-CDD0AFBEED29}.Release|Any CPU.Build.0 = Release|Any CPU
		{52DD2190-244C-4B57-BFB5-61EA14C8BC2A}.Debug|Any CPU.ActiveCfg = Debug|Any CPU
		{52DD2190-244C-4B57-BFB5-61EA14C8BC2A}.Debug|Any CPU.Build.0 = Debug|Any CPU
		{52DD2190-244C-4B57-BFB5-61EA14C8BC2A}.Release|Any CPU.ActiveCfg = Release|Any CPU
		{52DD2190-244C-4B57-BFB5-61EA14C8BC2A}.Release|Any CPU.Build.0 = Release|Any CPU
		{888146C6-6957-414A-88AA-B6798A50CF6E}.Debug|Any CPU.ActiveCfg = Debug|Any CPU
		{888146C6-6957-414A-88AA-B6798A50CF6E}.Debug|Any CPU.Build.0 = Debug|Any CPU
		{888146C6-6957-414A-88AA-B6798A50CF6E}.Release|Any CPU.ActiveCfg = Release|Any CPU
		{888146C6-6957-414A-88AA-B6798A50CF6E}.Release|Any CPU.Build.0 = Release|Any CPU
		{15B70A3E-2184-465B-A2D5-B8ED29E5EB32}.Debug|Any CPU.ActiveCfg = Debug|Any CPU
		{15B70A3E-2184-465B-A2D5-B8ED29E5EB32}.Debug|Any CPU.Build.0 = Debug|Any CPU
		{15B70A3E-2184-465B-A2D5-B8ED29E5EB32}.Release|Any CPU.ActiveCfg = Release|Any CPU
		{15B70A3E-2184-465B-A2D5-B8ED29E5EB32}.Release|Any CPU.Build.0 = Release|Any CPU
		{93C0C8EB-CB34-48FB-897B-27C4585C6B78}.Debug|Any CPU.ActiveCfg = Debug|Any CPU
		{93C0C8EB-CB34-48FB-897B-27C4585C6B78}.Debug|Any CPU.Build.0 = Debug|Any CPU
		{93C0C8EB-CB34-48FB-897B-27C4585C6B78}.Release|Any CPU.ActiveCfg = Release|Any CPU
		{93C0C8EB-CB34-48FB-897B-27C4585C6B78}.Release|Any CPU.Build.0 = Release|Any CPU
		{AC11ADBE-E646-4633-88EA-19CB7E9BDE63}.Debug|Any CPU.ActiveCfg = Debug|Any CPU
		{AC11ADBE-E646-4633-88EA-19CB7E9BDE63}.Debug|Any CPU.Build.0 = Debug|Any CPU
		{AC11ADBE-E646-4633-88EA-19CB7E9BDE63}.Release|Any CPU.ActiveCfg = Release|Any CPU
		{AC11ADBE-E646-4633-88EA-19CB7E9BDE63}.Release|Any CPU.Build.0 = Release|Any CPU
		{EB18D799-AFDD-448F-BD16-D84C6E97FA11}.Debug|Any CPU.ActiveCfg = Debug|Any CPU
		{EB18D799-AFDD-448F-BD16-D84C6E97FA11}.Debug|Any CPU.Build.0 = Debug|Any CPU
		{EB18D799-AFDD-448F-BD16-D84C6E97FA11}.Release|Any CPU.ActiveCfg = Release|Any CPU
		{EB18D799-AFDD-448F-BD16-D84C6E97FA11}.Release|Any CPU.Build.0 = Release|Any CPU
		{3C87BB4E-4ED4-48F6-80CE-FECC037E359B}.Debug|Any CPU.ActiveCfg = Debug|Any CPU
		{3C87BB4E-4ED4-48F6-80CE-FECC037E359B}.Debug|Any CPU.Build.0 = Debug|Any CPU
		{3C87BB4E-4ED4-48F6-80CE-FECC037E359B}.Release|Any CPU.ActiveCfg = Release|Any CPU
		{3C87BB4E-4ED4-48F6-80CE-FECC037E359B}.Release|Any CPU.Build.0 = Release|Any CPU
		{2D34920F-4ABD-4AFB-B2F6-468ECF66CF2D}.Debug|Any CPU.ActiveCfg = Debug|Any CPU
		{2D34920F-4ABD-4AFB-B2F6-468ECF66CF2D}.Debug|Any CPU.Build.0 = Debug|Any CPU
		{2D34920F-4ABD-4AFB-B2F6-468ECF66CF2D}.Release|Any CPU.ActiveCfg = Release|Any CPU
		{2D34920F-4ABD-4AFB-B2F6-468ECF66CF2D}.Release|Any CPU.Build.0 = Release|Any CPU
		{1F013425-10CF-4195-BCC7-BC8D87BFFA65}.Debug|Any CPU.ActiveCfg = Debug|Any CPU
		{1F013425-10CF-4195-BCC7-BC8D87BFFA65}.Debug|Any CPU.Build.0 = Debug|Any CPU
		{1F013425-10CF-4195-BCC7-BC8D87BFFA65}.Release|Any CPU.ActiveCfg = Release|Any CPU
		{1F013425-10CF-4195-BCC7-BC8D87BFFA65}.Release|Any CPU.Build.0 = Release|Any CPU
		{8AE029F4-89DC-4913-AC96-9797BBC51147}.Debug|Any CPU.ActiveCfg = Debug|Any CPU
		{8AE029F4-89DC-4913-AC96-9797BBC51147}.Debug|Any CPU.Build.0 = Debug|Any CPU
		{8AE029F4-89DC-4913-AC96-9797BBC51147}.Release|Any CPU.ActiveCfg = Release|Any CPU
		{8AE029F4-89DC-4913-AC96-9797BBC51147}.Release|Any CPU.Build.0 = Release|Any CPU
		{53977205-62B9-44CC-9061-CD58EA1E2D2D}.Debug|Any CPU.ActiveCfg = Debug|Any CPU
		{53977205-62B9-44CC-9061-CD58EA1E2D2D}.Debug|Any CPU.Build.0 = Debug|Any CPU
		{53977205-62B9-44CC-9061-CD58EA1E2D2D}.Release|Any CPU.ActiveCfg = Release|Any CPU
		{53977205-62B9-44CC-9061-CD58EA1E2D2D}.Release|Any CPU.Build.0 = Release|Any CPU
		{9DDE76E6-4E79-4699-822E-A11AFDADC33C}.Debug|Any CPU.ActiveCfg = Debug|Any CPU
		{9DDE76E6-4E79-4699-822E-A11AFDADC33C}.Debug|Any CPU.Build.0 = Debug|Any CPU
		{9DDE76E6-4E79-4699-822E-A11AFDADC33C}.Release|Any CPU.ActiveCfg = Release|Any CPU
		{9DDE76E6-4E79-4699-822E-A11AFDADC33C}.Release|Any CPU.Build.0 = Release|Any CPU
		{6E4ED525-C30A-49A9-BBF8-9EEBEC0B7696}.Debug|Any CPU.ActiveCfg = Debug|Any CPU
		{6E4ED525-C30A-49A9-BBF8-9EEBEC0B7696}.Debug|Any CPU.Build.0 = Debug|Any CPU
		{6E4ED525-C30A-49A9-BBF8-9EEBEC0B7696}.Release|Any CPU.ActiveCfg = Release|Any CPU
		{6E4ED525-C30A-49A9-BBF8-9EEBEC0B7696}.Release|Any CPU.Build.0 = Release|Any CPU
	EndGlobalSection
	GlobalSection(SolutionProperties) = preSolution
		HideSolutionNode = FALSE
	EndGlobalSection
	GlobalSection(NestedProjects) = preSolution
		{EBBE96F8-7D4A-4881-AD20-3CB830E3F130} = {4BA92B8F-4719-41FC-8165-8C6A2B912E7A}
		{CAB06141-6F35-4A82-8CDA-BAAA7DFE597D} = {4BA92B8F-4719-41FC-8165-8C6A2B912E7A}
		{641A385D-456B-4B99-AACD-2487B081236E} = {4BA92B8F-4719-41FC-8165-8C6A2B912E7A}
		{3765F858-AC16-4630-9B7B-F382973109E0} = {4BA92B8F-4719-41FC-8165-8C6A2B912E7A}
		{47440687-8F56-4E2E-98A1-34D974E343F4} = {D87B5EF1-7EA0-4F8F-BFE8-EA4EB1E9FDBC}
		{ACA9167E-4E24-40EF-8AE0-A7366C7724DA} = {D87B5EF1-7EA0-4F8F-BFE8-EA4EB1E9FDBC}
		{1F20F126-EFDC-43C0-B728-0DC02C66B7E8} = {D87B5EF1-7EA0-4F8F-BFE8-EA4EB1E9FDBC}
		{BE181FD9-2870-4175-80F7-4ABDBF50EC53} = {D87B5EF1-7EA0-4F8F-BFE8-EA4EB1E9FDBC}
		{BCD9D325-0FA7-42B5-B63F-C100F4BABE43} = {D87B5EF1-7EA0-4F8F-BFE8-EA4EB1E9FDBC}
		{D24ED7A0-0060-4507-8748-813BC9707A9B} = {23798E8B-BCA4-431C-ABAD-B69C4B06B285}
		{9733D258-6D2C-4305-9814-463314A892EB} = {23798E8B-BCA4-431C-ABAD-B69C4B06B285}
		{BA10D840-E08B-4697-B42A-3F4ABCC0F2E4} = {23798E8B-BCA4-431C-ABAD-B69C4B06B285}
		{38C30335-F689-460E-9A92-A33930B3462B} = {23798E8B-BCA4-431C-ABAD-B69C4B06B285}
		{BC3533FC-4191-44AB-BC8F-A0BC8BB08623} = {23798E8B-BCA4-431C-ABAD-B69C4B06B285}
		{830D54AF-5EA1-4F61-9FD2-8DFDB830F268} = {23798E8B-BCA4-431C-ABAD-B69C4B06B285}
		{DC869A21-13B9-4E07-87B4-70A9887B4FB9} = {23798E8B-BCA4-431C-ABAD-B69C4B06B285}
		{61B30476-9BB5-4344-92E1-EC0FE715E731} = {23798E8B-BCA4-431C-ABAD-B69C4B06B285}
		{F8651E25-3760-4D71-ADAA-A7EB013FB4FB} = {23798E8B-BCA4-431C-ABAD-B69C4B06B285}
		{EBAE7D95-3069-43D5-ACFF-84CEFF7371CE} = {23798E8B-BCA4-431C-ABAD-B69C4B06B285}
		{BCE20F05-EB8B-435E-AB56-BD5101A48E27} = {BF06C3A8-0A80-4BF4-8610-DFA5D6FB5F8B}
		{819BFF14-97B7-45A5-AA3C-67CEC1C19E30} = {BF06C3A8-0A80-4BF4-8610-DFA5D6FB5F8B}
		{8247852D-9DA5-4246-B157-CA724A4E73C6} = {BF06C3A8-0A80-4BF4-8610-DFA5D6FB5F8B}
		{F1E7437A-A520-44B1-BB08-C9209EBC6590} = {BF06C3A8-0A80-4BF4-8610-DFA5D6FB5F8B}
		{DADCFE1D-336B-40FE-9533-71E9DF1B062B} = {BF06C3A8-0A80-4BF4-8610-DFA5D6FB5F8B}
		{96CDC7F8-012E-4AB6-93C1-62A8A293A262} = {BF06C3A8-0A80-4BF4-8610-DFA5D6FB5F8B}
		{112CAADE-E130-42F2-993C-7F4C43AAE310} = {BF06C3A8-0A80-4BF4-8610-DFA5D6FB5F8B}
		{6E9EFCC4-49FF-4C9F-9C01-FAF33CA34B9F} = {BF06C3A8-0A80-4BF4-8610-DFA5D6FB5F8B}
		{0FED5931-7392-40DB-B029-57E611218164} = {BF06C3A8-0A80-4BF4-8610-DFA5D6FB5F8B}
		{E88C3564-8350-4E2F-A3B1-E16BC3EDAFD3} = {BF06C3A8-0A80-4BF4-8610-DFA5D6FB5F8B}
		{7B5B2649-5752-4DDE-BB04-F526F5BC0F01} = {BF06C3A8-0A80-4BF4-8610-DFA5D6FB5F8B}
		{CA213A38-DD43-47F9-B059-8E0536D03009} = {BF06C3A8-0A80-4BF4-8610-DFA5D6FB5F8B}
		{619C80AE-B8B0-4A48-A645-B7C1E8B7CE77} = {BF06C3A8-0A80-4BF4-8610-DFA5D6FB5F8B}
		{7E998905-52B4-40D8-BC7F-151D8147AD39} = {75299C22-A627-4D7C-B88E-B03B26B10B9A}
		{6A868725-0901-4A21-9A2C-5414ED0A46BC} = {75299C22-A627-4D7C-B88E-B03B26B10B9A}
		{78271B42-768C-46A8-A738-05819D57D203} = {75299C22-A627-4D7C-B88E-B03B26B10B9A}
		{8D76AED6-71E8-47D9-8241-50E857531DF2} = {75299C22-A627-4D7C-B88E-B03B26B10B9A}
		{F5B817CF-1AF6-40CD-8A87-4609920C4944} = {75299C22-A627-4D7C-B88E-B03B26B10B9A}
		{910BC3E6-882E-44C6-98C6-07E4BB456B94} = {75299C22-A627-4D7C-B88E-B03B26B10B9A}
		{A2FDB961-F0A4-480E-BD51-FF9FDFD9C411} = {75299C22-A627-4D7C-B88E-B03B26B10B9A}
		{73429773-5B4E-49CA-A046-D5642E468448} = {75299C22-A627-4D7C-B88E-B03B26B10B9A}
		{52AD64C7-F7CE-4474-91FC-C813C4BDB663} = {75299C22-A627-4D7C-B88E-B03B26B10B9A}
		{657E2B69-E5E8-454E-A83D-84225D0C532F} = {75299C22-A627-4D7C-B88E-B03B26B10B9A}
		{22FC0D87-8F46-4C36-8EDF-35152E329C6F} = {D6962D15-7DEC-4462-88BE-F9E176DF0895}
		{732B9421-E457-4DD0-8D7C-B82BDB5F0DCA} = {D6962D15-7DEC-4462-88BE-F9E176DF0895}
		{4F3DD99A-C3A3-4928-B5EB-F40CF0EBFF84} = {D6962D15-7DEC-4462-88BE-F9E176DF0895}
		{A7A93F4D-EAA0-4EC3-8F9D-5220605650A4} = {D6962D15-7DEC-4462-88BE-F9E176DF0895}
		{90906D59-D845-4EB7-8DE3-482148272A9F} = {D6962D15-7DEC-4462-88BE-F9E176DF0895}
		{FE23C45D-B423-43B1-8D0A-FDC33FF53149} = {D6962D15-7DEC-4462-88BE-F9E176DF0895}
		{59F53AF9-2EE3-43DA-BD5E-EB54B2C5C007} = {D6962D15-7DEC-4462-88BE-F9E176DF0895}
		{82D77825-DFF4-413E-8D6B-655D9222844D} = {D6962D15-7DEC-4462-88BE-F9E176DF0895}
		{88A97419-65B5-4ABE-839D-D5F17C035E0A} = {D6962D15-7DEC-4462-88BE-F9E176DF0895}
		{EA566C15-D108-488D-BC09-FF48D0F67E29} = {D6962D15-7DEC-4462-88BE-F9E176DF0895}
		{54C9C80A-0602-4EF3-A364-1E8401E52F27} = {5E2BDBD7-63CC-488C-934D-86D026B22F0F}
		{AF6D1256-485A-4C27-A6AB-BF08EBA6735B} = {5E2BDBD7-63CC-488C-934D-86D026B22F0F}
		{B206271D-9146-41B0-A164-2C2A14756167} = {5E2BDBD7-63CC-488C-934D-86D026B22F0F}
		{F83626EE-D023-442B-A162-CDD0AFBEED29} = {5E2BDBD7-63CC-488C-934D-86D026B22F0F}
		{52DD2190-244C-4B57-BFB5-61EA14C8BC2A} = {5E2BDBD7-63CC-488C-934D-86D026B22F0F}
		{888146C6-6957-414A-88AA-B6798A50CF6E} = {5E2BDBD7-63CC-488C-934D-86D026B22F0F}
		{15B70A3E-2184-465B-A2D5-B8ED29E5EB32} = {5E2BDBD7-63CC-488C-934D-86D026B22F0F}
		{93C0C8EB-CB34-48FB-897B-27C4585C6B78} = {5E2BDBD7-63CC-488C-934D-86D026B22F0F}
		{AC11ADBE-E646-4633-88EA-19CB7E9BDE63} = {FDD04B06-49A8-45CD-9D75-BE78732E64F3}
		{EB18D799-AFDD-448F-BD16-D84C6E97FA11} = {5E2BDBD7-63CC-488C-934D-86D026B22F0F}
		{3C87BB4E-4ED4-48F6-80CE-FECC037E359B} = {B958067A-735C-4FD3-B702-F3F22925E603}
		{2D34920F-4ABD-4AFB-B2F6-468ECF66CF2D} = {B958067A-735C-4FD3-B702-F3F22925E603}
		{1F013425-10CF-4195-BCC7-BC8D87BFFA65} = {B958067A-735C-4FD3-B702-F3F22925E603}
		{8AE029F4-89DC-4913-AC96-9797BBC51147} = {B958067A-735C-4FD3-B702-F3F22925E603}
		{53977205-62B9-44CC-9061-CD58EA1E2D2D} = {B958067A-735C-4FD3-B702-F3F22925E603}
		{9DDE76E6-4E79-4699-822E-A11AFDADC33C} = {B958067A-735C-4FD3-B702-F3F22925E603}
		{6E4ED525-C30A-49A9-BBF8-9EEBEC0B7696} = {B958067A-735C-4FD3-B702-F3F22925E603}
	EndGlobalSection
	GlobalSection(ExtensibilityGlobals) = postSolution
		SolutionGuid = {B6840A27-803E-41F0-89F0-C90D4EB126EF}
	EndGlobalSection
EndGlobal
